
Microsoft Visual Studio Solution File, Format Version 12.00
# Visual Studio Version 17
VisualStudioVersion = 17.8.34511.84
MinimumVisualStudioVersion = 10.0.40219.1
Project("{FAE04EC0-301F-11D3-BF4B-00C04F79EFBC}") = "FunctionApp1", "FunctionApp1\FunctionApp1.csproj", "{0D91DEC4-17B1-4E1C-9186-46CD91C0BD62}"
EndProject
Global
	GlobalSection(SolutionConfigurationPlatforms) = preSolution
		Debug|Any CPU = Debug|Any CPU
		Release|Any CPU = Release|Any CPU
	EndGlobalSection
	GlobalSection(ProjectConfigurationPlatforms) = postSolution
		{0D91DEC4-17B1-4E1C-9186-46CD91C0BD62}.Debug|Any CPU.ActiveCfg = Debug|Any CPU
		{0D91DEC4-17B1-4E1C-9186-46CD91C0BD62}.Debug|Any CPU.Build.0 = Debug|Any CPU
		{0D91DEC4-17B1-4E1C-9186-46CD91C0BD62}.Release|Any CPU.ActiveCfg = Release|Any CPU
		{0D91DEC4-17B1-4E1C-9186-46CD91C0BD62}.Release|Any CPU.Build.0 = Release|Any CPU
	EndGlobalSection
	GlobalSection(SolutionProperties) = preSolution
		HideSolutionNode = FALSE
	EndGlobalSection
	GlobalSection(ExtensibilityGlobals) = postSolution
		SolutionGuid = {9AC18A57-CB4B-4800-80CC-24B7FDD9ABCD}
	EndGlobalSection
EndGlobal
